
Microsoft Visual Studio Solution File, Format Version 12.00
# Visual Studio Version 17
VisualStudioVersion = 17.4.33110.190
MinimumVisualStudioVersion = 10.0.40219.1
Project("{FAE04EC0-301F-11D3-BF4B-00C04F79EFBC}") = "L3L4-Exo3-STATEPATTERN", "L3L4-Exo3-STATEPATTERN\L3L4-Exo3-STATEPATTERN.csproj", "{CA362CD4-664B-4999-8EDE-5C6AD11CD6B6}"
EndProject
Global
	GlobalSection(SolutionConfigurationPlatforms) = preSolution
		Debug|Any CPU = Debug|Any CPU
		Release|Any CPU = Release|Any CPU
	EndGlobalSection
	GlobalSection(ProjectConfigurationPlatforms) = postSolution
		{CA362CD4-664B-4999-8EDE-5C6AD11CD6B6}.Debug|Any CPU.ActiveCfg = Debug|Any CPU
		{CA362CD4-664B-4999-8EDE-5C6AD11CD6B6}.Debug|Any CPU.Build.0 = Debug|Any CPU
		{CA362CD4-664B-4999-8EDE-5C6AD11CD6B6}.Release|Any CPU.ActiveCfg = Release|Any CPU
		{CA362CD4-664B-4999-8EDE-5C6AD11CD6B6}.Release|Any CPU.Build.0 = Release|Any CPU
	EndGlobalSection
	GlobalSection(SolutionProperties) = preSolution
		HideSolutionNode = FALSE
	EndGlobalSection
	GlobalSection(ExtensibilityGlobals) = postSolution
		SolutionGuid = {FC01768A-8A1A-42E2-8A40-67AA532D5598}
	EndGlobalSection
EndGlobal
