
Microsoft Visual Studio Solution File, Format Version 12.00
# Visual Studio Version 17
VisualStudioVersion = 17.4.33110.190
MinimumVisualStudioVersion = 10.0.40219.1
Project("{FAE04EC0-301F-11D3-BF4B-00C04F79EFBC}") = "F-Client", "F-Client\F-Client.csproj", "{126354FD-DBAC-4E8D-B3EB-1F056BFB85D4}"
EndProject
Global
	GlobalSection(SolutionConfigurationPlatforms) = preSolution
		Debug|Any CPU = Debug|Any CPU
		Release|Any CPU = Release|Any CPU
	EndGlobalSection
	GlobalSection(ProjectConfigurationPlatforms) = postSolution
		{126354FD-DBAC-4E8D-B3EB-1F056BFB85D4}.Debug|Any CPU.ActiveCfg = Debug|Any CPU
		{126354FD-DBAC-4E8D-B3EB-1F056BFB85D4}.Debug|Any CPU.Build.0 = Debug|Any CPU
		{126354FD-DBAC-4E8D-B3EB-1F056BFB85D4}.Release|Any CPU.ActiveCfg = Release|Any CPU
		{126354FD-DBAC-4E8D-B3EB-1F056BFB85D4}.Release|Any CPU.Build.0 = Release|Any CPU
	EndGlobalSection
	GlobalSection(SolutionProperties) = preSolution
		HideSolutionNode = FALSE
	EndGlobalSection
	GlobalSection(ExtensibilityGlobals) = postSolution
		SolutionGuid = {6DFE6204-3D5E-415C-9A55-C79D43BD803E}
	EndGlobalSection
EndGlobal
