
Microsoft Visual Studio Solution File, Format Version 12.00
# Visual Studio Version 17
VisualStudioVersion = 17.4.33110.190
MinimumVisualStudioVersion = 10.0.40219.1
Project("{FAE04EC0-301F-11D3-BF4B-00C04F79EFBC}") = "silva_adriano_4", "silva_adriano_4\silva_adriano_4.csproj", "{146AB895-2B90-4A4C-9FA3-6019A6C5CE7D}"
EndProject
Global
	GlobalSection(SolutionConfigurationPlatforms) = preSolution
		Debug|Any CPU = Debug|Any CPU
		Release|Any CPU = Release|Any CPU
	EndGlobalSection
	GlobalSection(ProjectConfigurationPlatforms) = postSolution
		{146AB895-2B90-4A4C-9FA3-6019A6C5CE7D}.Debug|Any CPU.ActiveCfg = Debug|Any CPU
		{146AB895-2B90-4A4C-9FA3-6019A6C5CE7D}.Debug|Any CPU.Build.0 = Debug|Any CPU
		{146AB895-2B90-4A4C-9FA3-6019A6C5CE7D}.Release|Any CPU.ActiveCfg = Release|Any CPU
		{146AB895-2B90-4A4C-9FA3-6019A6C5CE7D}.Release|Any CPU.Build.0 = Release|Any CPU
	EndGlobalSection
	GlobalSection(SolutionProperties) = preSolution
		HideSolutionNode = FALSE
	EndGlobalSection
	GlobalSection(ExtensibilityGlobals) = postSolution
		SolutionGuid = {D7FAA604-7AA5-4112-B908-BA53D4561B1A}
	EndGlobalSection
EndGlobal
