
Microsoft Visual Studio Solution File, Format Version 12.00
# Visual Studio Version 17
VisualStudioVersion = 17.4.33110.190
MinimumVisualStudioVersion = 10.0.40219.1
Project("{FAE04EC0-301F-11D3-BF4B-00C04F79EFBC}") = "testsql", "testsql\testsql.csproj", "{22FEE567-B220-4DE0-8E48-5C0AA42B453C}"
EndProject
Global
	GlobalSection(SolutionConfigurationPlatforms) = preSolution
		Debug|Any CPU = Debug|Any CPU
		Release|Any CPU = Release|Any CPU
	EndGlobalSection
	GlobalSection(ProjectConfigurationPlatforms) = postSolution
		{22FEE567-B220-4DE0-8E48-5C0AA42B453C}.Debug|Any CPU.ActiveCfg = Debug|Any CPU
		{22FEE567-B220-4DE0-8E48-5C0AA42B453C}.Debug|Any CPU.Build.0 = Debug|Any CPU
		{22FEE567-B220-4DE0-8E48-5C0AA42B453C}.Release|Any CPU.ActiveCfg = Release|Any CPU
		{22FEE567-B220-4DE0-8E48-5C0AA42B453C}.Release|Any CPU.Build.0 = Release|Any CPU
	EndGlobalSection
	GlobalSection(SolutionProperties) = preSolution
		HideSolutionNode = FALSE
	EndGlobalSection
	GlobalSection(ExtensibilityGlobals) = postSolution
		SolutionGuid = {AD4AE3E8-7C96-4FC2-9C5D-F90B2B1F5B81}
	EndGlobalSection
EndGlobal
