
Microsoft Visual Studio Solution File, Format Version 12.00
# Visual Studio Version 17
VisualStudioVersion = 17.4.33110.190
MinimumVisualStudioVersion = 10.0.40219.1
Project("{FAE04EC0-301F-11D3-BF4B-00C04F79EFBC}") = "L5-Exo1-VOITURE", "L5-Exo1-VOITURE\L5-Exo1-VOITURE.csproj", "{987B27A6-6683-4B93-A9D5-2F06ACFC5D16}"
EndProject
Global
	GlobalSection(SolutionConfigurationPlatforms) = preSolution
		Debug|Any CPU = Debug|Any CPU
		Release|Any CPU = Release|Any CPU
	EndGlobalSection
	GlobalSection(ProjectConfigurationPlatforms) = postSolution
		{987B27A6-6683-4B93-A9D5-2F06ACFC5D16}.Debug|Any CPU.ActiveCfg = Debug|Any CPU
		{987B27A6-6683-4B93-A9D5-2F06ACFC5D16}.Debug|Any CPU.Build.0 = Debug|Any CPU
		{987B27A6-6683-4B93-A9D5-2F06ACFC5D16}.Release|Any CPU.ActiveCfg = Release|Any CPU
		{987B27A6-6683-4B93-A9D5-2F06ACFC5D16}.Release|Any CPU.Build.0 = Release|Any CPU
	EndGlobalSection
	GlobalSection(SolutionProperties) = preSolution
		HideSolutionNode = FALSE
	EndGlobalSection
	GlobalSection(ExtensibilityGlobals) = postSolution
		SolutionGuid = {63FF430B-8135-467B-9084-E473BE37EBAC}
	EndGlobalSection
EndGlobal
